
Microsoft Visual Studio Solution File, Format Version 12.00
# Visual Studio 15
VisualStudioVersion = 15.0.28307.539
MinimumVisualStudioVersion = 10.0.40219.1
Project("{FAE04EC0-301F-11D3-BF4B-00C04F79EFBC}") = "PrintEvenNumbers", "PrintEvenNumbers\PrintEvenNumbers.csproj", "{F2E02A6A-A834-474B-A907-808E1EA20797}"
EndProject
Global
	GlobalSection(SolutionConfigurationPlatforms) = preSolution
		Debug|Any CPU = Debug|Any CPU
		Release|Any CPU = Release|Any CPU
	EndGlobalSection
	GlobalSection(ProjectConfigurationPlatforms) = postSolution
		{F2E02A6A-A834-474B-A907-808E1EA20797}.Debug|Any CPU.ActiveCfg = Debug|Any CPU
		{F2E02A6A-A834-474B-A907-808E1EA20797}.Debug|Any CPU.Build.0 = Debug|Any CPU
		{F2E02A6A-A834-474B-A907-808E1EA20797}.Release|Any CPU.ActiveCfg = Release|Any CPU
		{F2E02A6A-A834-474B-A907-808E1EA20797}.Release|Any CPU.Build.0 = Release|Any CPU
	EndGlobalSection
	GlobalSection(SolutionProperties) = preSolution
		HideSolutionNode = FALSE
	EndGlobalSection
	GlobalSection(ExtensibilityGlobals) = postSolution
		SolutionGuid = {2BB4692B-7E0C-4695-BA5D-32642CCFC6AC}
	EndGlobalSection
EndGlobal
