
Microsoft Visual Studio Solution File, Format Version 12.00
# Visual Studio 15
VisualStudioVersion = 15.0.28307.539
MinimumVisualStudioVersion = 10.0.40219.1
Project("{FAE04EC0-301F-11D3-BF4B-00C04F79EFBC}") = "ReverseStrings", "ReverseStrings\ReverseStrings.csproj", "{0C460FEF-7084-4AAE-A4C4-F1A104A788DC}"
EndProject
Global
	GlobalSection(SolutionConfigurationPlatforms) = preSolution
		Debug|Any CPU = Debug|Any CPU
		Release|Any CPU = Release|Any CPU
	EndGlobalSection
	GlobalSection(ProjectConfigurationPlatforms) = postSolution
		{0C460FEF-7084-4AAE-A4C4-F1A104A788DC}.Debug|Any CPU.ActiveCfg = Debug|Any CPU
		{0C460FEF-7084-4AAE-A4C4-F1A104A788DC}.Debug|Any CPU.Build.0 = Debug|Any CPU
		{0C460FEF-7084-4AAE-A4C4-F1A104A788DC}.Release|Any CPU.ActiveCfg = Release|Any CPU
		{0C460FEF-7084-4AAE-A4C4-F1A104A788DC}.Release|Any CPU.Build.0 = Release|Any CPU
	EndGlobalSection
	GlobalSection(SolutionProperties) = preSolution
		HideSolutionNode = FALSE
	EndGlobalSection
	GlobalSection(ExtensibilityGlobals) = postSolution
		SolutionGuid = {C46140F8-5121-4137-80E3-07B30B40C5DB}
	EndGlobalSection
EndGlobal
